
Microsoft Visual Studio Solution File, Format Version 12.00
# Visual Studio Version 16
VisualStudioVersion = 16.0.29709.97
MinimumVisualStudioVersion = 10.0.40219.1
Project("{FAE04EC0-301F-11D3-BF4B-00C04F79EFBC}") = "AssetsSDK", "AssetsSDK\AssetsSDK.csproj", "{A2EA1D77-52C2-406D-91FD-2C50186C72FE}"
EndProject
Project("{FAE04EC0-301F-11D3-BF4B-00C04F79EFBC}") = "AssetsInterface", "AssetsInterface\AssetsInterface.csproj", "{7D2106E2-1C77-4D92-B69B-D150492CAAB8}"
EndProject
Global
	GlobalSection(SolutionConfigurationPlatforms) = preSolution
		Debug|Any CPU = Debug|Any CPU
		Release|Any CPU = Release|Any CPU
	EndGlobalSection
	GlobalSection(ProjectConfigurationPlatforms) = postSolution
		{A2EA1D77-52C2-406D-91FD-2C50186C72FE}.Debug|Any CPU.ActiveCfg = Debug|Any CPU
		{A2EA1D77-52C2-406D-91FD-2C50186C72FE}.Debug|Any CPU.Build.0 = Debug|Any CPU
		{A2EA1D77-52C2-406D-91FD-2C50186C72FE}.Release|Any CPU.ActiveCfg = Release|Any CPU
		{A2EA1D77-52C2-406D-91FD-2C50186C72FE}.Release|Any CPU.Build.0 = Release|Any CPU
		{7D2106E2-1C77-4D92-B69B-D150492CAAB8}.Debug|Any CPU.ActiveCfg = Debug|Any CPU
		{7D2106E2-1C77-4D92-B69B-D150492CAAB8}.Debug|Any CPU.Build.0 = Debug|Any CPU
		{7D2106E2-1C77-4D92-B69B-D150492CAAB8}.Release|Any CPU.ActiveCfg = Release|Any CPU
		{7D2106E2-1C77-4D92-B69B-D150492CAAB8}.Release|Any CPU.Build.0 = Release|Any CPU
	EndGlobalSection
	GlobalSection(SolutionProperties) = preSolution
		HideSolutionNode = FALSE
	EndGlobalSection
	GlobalSection(ExtensibilityGlobals) = postSolution
		SolutionGuid = {7D8F2ECA-27FE-40C9-8361-00F121306369}
	EndGlobalSection
EndGlobal
